// !$*UTF8*$!
{
	archiveVersion = 1;
	classes = {
	};
	objectVersion = 46;
	objects = {

/* Begin PBXBuildFile section */
		C3B608261C42942A007DFB19 /* AppDelegate.swift in Sources */ = {isa = PBXBuildFile; fileRef = C3B608251C42942A007DFB19 /* AppDelegate.swift */; };
		C3B608281C42942A007DFB19 /* ViewController.swift in Sources */ = {isa = PBXBuildFile; fileRef = C3B608271C42942A007DFB19 /* ViewController.swift */; };
		C3B6082B1C42942A007DFB19 /* Main.storyboard in Resources */ = {isa = PBXBuildFile; fileRef = C3B608291C42942A007DFB19 /* Main.storyboard */; };
		C3B6082D1C42942A007DFB19 /* Assets.xcassets in Resources */ = {isa = PBXBuildFile; fileRef = C3B6082C1C42942A007DFB19 /* Assets.xcassets */; };
		C3B608301C42942A007DFB19 /* LaunchScreen.storyboard in Resources */ = {isa = PBXBuildFile; fileRef = C3B6082E1C42942A007DFB19 /* LaunchScreen.storyboard */; };
		C3B6083B1C42942A007DFB19 /* HelloVeganWorldUITests.swift in Sources */ = {isa = PBXBuildFile; fileRef = C3B6083A1C42942A007DFB19 /* HelloVeganWorldUITests.swift */; };
/* End PBXBuildFile section */

/* Begin PBXContainerItemProxy section */
		C3B608371C42942A007DFB19 /* PBXContainerItemProxy */ = {
			isa = PBXContainerItemProxy;
			containerPortal = C3B6081A1C42942A007DFB19 /* Project object */;
			proxyType = 1;
			remoteGlobalIDString = C3B608211C42942A007DFB19;
			remoteInfo = HelloVeganWorld;
		};
/* End PBXContainerItemProxy section */

/* Begin PBXFileReference section */
		C3B608221C42942A007DFB19 /* iPhoneHelloVeganWorld.app */ = {isa = PBXFileReference; explicitFileType = wrapper.application; includeInIndex = 0; path = iPhoneHelloVeganWorld.app; sourceTree = BUILT_PRODUCTS_DIR; };
		C3B608251C42942A007DFB19 /* AppDelegate.swift */ = {isa = PBXFileReference; lastKnownFileType = sourcecode.swift; path = AppDelegate.swift; sourceTree = "<group>"; };
		C3B608271C42942A007DFB19 /* ViewController.swift */ = {isa = PBXFileReference; lastKnownFileType = sourcecode.swift; path = ViewController.swift; sourceTree = "<group>"; };
		C3B6082A1C42942A007DFB19 /* Base */ = {isa = PBXFileReference; lastKnownFileType = file.storyboard; name = Base; path = Base.lproj/Main.storyboard; sourceTree = "<group>"; };
		C3B6082C1C42942A007DFB19 /* Assets.xcassets */ = {isa = PBXFileReference; lastKnownFileType = folder.assetcatalog; path = Assets.xcassets; sourceTree = "<group>"; };
		C3B6082F1C42942A007DFB19 /* Base */ = {isa = PBXFileReference; lastKnownFileType = file.storyboard; name = Base; path = Base.lproj/LaunchScreen.storyboard; sourceTree = "<group>"; };
		C3B608311C42942A007DFB19 /* Info.plist */ = {isa = PBXFileReference; lastKnownFileType = text.plist.xml; path = Info.plist; sourceTree = "<group>"; };
		C3B608361C42942A007DFB19 /* iPhoneHelloVeganWorld.xctest */ = {isa = PBXFileReference; explicitFileType = wrapper.cfbundle; includeInIndex = 0; path = iPhoneHelloVeganWorld.xctest; sourceTree = BUILT_PRODUCTS_DIR; };
		C3B6083A1C42942A007DFB19 /* HelloVeganWorldUITests.swift */ = {isa = PBXFileReference; lastKnownFileType = sourcecode.swift; path = HelloVeganWorldUITests.swift; sourceTree = "<group>"; };
		C3B6083C1C42942A007DFB19 /* Info.plist */ = {isa = PBXFileReference; lastKnownFileType = text.plist.xml; path = Info.plist; sourceTree = "<group>"; };
/* End PBXFileReference section */

/* Begin PBXFrameworksBuildPhase section */
		C3B6081F1C42942A007DFB19 /* Frameworks */ = {
			isa = PBXFrameworksBuildPhase;
			buildActionMask = 2147483647;
			files = (
			);
			runOnlyForDeploymentPostprocessing = 0;
		};
		C3B608331C42942A007DFB19 /* Frameworks */ = {
			isa = PBXFrameworksBuildPhase;
			buildActionMask = 2147483647;
			files = (
			);
			runOnlyForDeploymentPostprocessing = 0;
		};
/* End PBXFrameworksBuildPhase section */

/* Begin PBXGroup section */
		C3B608191C42942A007DFB19 = {
			isa = PBXGroup;
			children = (
				C3B608241C42942A007DFB19 /* HelloVeganWorld */,
				C3B608391C42942A007DFB19 /* HelloVeganWorldUITests */,
				C3B608231C42942A007DFB19 /* Products */,
			);
			sourceTree = "<group>";
		};
		C3B608231C42942A007DFB19 /* Products */ = {
			isa = PBXGroup;
			children = (
				C3B608221C42942A007DFB19 /* iPhoneHelloVeganWorld.app */,
				C3B608361C42942A007DFB19 /* iPhoneHelloVeganWorld.xctest */,
			);
			name = Products;
			sourceTree = "<group>";
		};
		C3B608241C42942A007DFB19 /* HelloVeganWorld */ = {
			isa = PBXGroup;
			children = (
				C3B608251C42942A007DFB19 /* AppDelegate.swift */,
				C3B608271C42942A007DFB19 /* ViewController.swift */,
				C3B608291C42942A007DFB19 /* Main.storyboard */,
				C3B6082C1C42942A007DFB19 /* Assets.xcassets */,
				C3B6082E1C42942A007DFB19 /* LaunchScreen.storyboard */,
				C3B608311C42942A007DFB19 /* Info.plist */,
			);
			path = HelloVeganWorld;
			sourceTree = "<group>";
		};
		C3B608391C42942A007DFB19 /* HelloVeganWorldUITests */ = {
			isa = PBXGroup;
			children = (
				C3B6083A1C42942A007DFB19 /* HelloVeganWorldUITests.swift */,
				C3B6083C1C42942A007DFB19 /* Info.plist */,
			);
			path = HelloVeganWorldUITests;
			sourceTree = "<group>";
		};
/* End PBXGroup section */

/* Begin PBXNativeTarget section */
		C3B608211C42942A007DFB19 /* iPhoneHelloVeganWorld */ = {
			isa = PBXNativeTarget;
			buildConfigurationList = C3B6083F1C42942A007DFB19 /* Build configuration list for PBXNativeTarget "iPhoneHelloVeganWorld" */;
			buildPhases = (
				C3B6081E1C42942A007DFB19 /* Sources */,
				C3B6081F1C42942A007DFB19 /* Frameworks */,
				C3B608201C42942A007DFB19 /* Resources */,
			);
			buildRules = (
			);
			dependencies = (
			);
			name = iPhoneHelloVeganWorld;
			productName = HelloVeganWorld;
			productReference = C3B608221C42942A007DFB19 /* iPhoneHelloVeganWorld.app */;
			productType = "com.apple.product-type.application";
		};
		C3B608351C42942A007DFB19 /* iPhoneHelloVeganWorldUITests */ = {
			isa = PBXNativeTarget;
			buildConfigurationList = C3B608421C42942A007DFB19 /* Build configuration list for PBXNativeTarget "iPhoneHelloVeganWorldUITests" */;
			buildPhases = (
				C3B608321C42942A007DFB19 /* Sources */,
				C3B608331C42942A007DFB19 /* Frameworks */,
				C3B608341C42942A007DFB19 /* Resources */,
			);
			buildRules = (
			);
			dependencies = (
				C3B608381C42942A007DFB19 /* PBXTargetDependency */,
			);
			name = iPhoneHelloVeganWorldUITests;
			productName = HelloVeganWorldUITests;
			productReference = C3B608361C42942A007DFB19 /* iPhoneHelloVeganWorld.xctest */;
			productType = "com.apple.product-type.bundle.ui-testing";
		};
/* End PBXNativeTarget section */

/* Begin PBXProject section */
		C3B6081A1C42942A007DFB19 /* Project object */ = {
			isa = PBXProject;
			attributes = {
				LastSwiftUpdateCheck = 0720;
				LastUpgradeCheck = 0720;
				ORGANIZATIONNAME = "Aaron Gray";
				TargetAttributes = {
					C3B608211C42942A007DFB19 = {
						CreatedOnToolsVersion = 7.2;
						DevelopmentTeam = Y83X7J83G3;
					};
					C3B608351C42942A007DFB19 = {
						CreatedOnToolsVersion = 7.2;
						DevelopmentTeam = Y83X7J83G3;
						TestTargetID = C3B608211C42942A007DFB19;
					};
				};
			};
			buildConfigurationList = C3B6081D1C42942A007DFB19 /* Build configuration list for PBXProject "iPhoneHelloVeganWorld" */;
			compatibilityVersion = "Xcode 3.2";
			developmentRegion = English;
			hasScannedForEncodings = 0;
			knownRegions = (
				en,
				Base,
			);
			mainGroup = C3B608191C42942A007DFB19;
			productRefGroup = C3B608231C42942A007DFB19 /* Products */;
			projectDirPath = "";
			projectRoot = "";
			targets = (
				C3B608211C42942A007DFB19 /* iPhoneHelloVeganWorld */,
				C3B608351C42942A007DFB19 /* iPhoneHelloVeganWorldUITests */,
			);
		};
/* End PBXProject section */

/* Begin PBXResourcesBuildPhase section */
		C3B608201C42942A007DFB19 /* Resources */ = {
			isa = PBXResourcesBuildPhase;
			buildActionMask = 2147483647;
			files = (
				C3B608301C42942A007DFB19 /* LaunchScreen.storyboard in Resources */,
				C3B6082D1C42942A007DFB19 /* Assets.xcassets in Resources */,
				C3B6082B1C42942A007DFB19 /* Main.storyboard in Resources */,
			);
			runOnlyForDeploymentPostprocessing = 0;
		};
		C3B608341C42942A007DFB19 /* Resources */ = {
			isa = PBXResourcesBuildPhase;
			buildActionMask = 2147483647;
			files = (
			);
			runOnlyForDeploymentPostprocessing = 0;
		};
/* End PBXResourcesBuildPhase section */

/* Begin PBXSourcesBuildPhase section */
		C3B6081E1C42942A007DFB19 /* Sources */ = {
			isa = PBXSourcesBuildPhase;
			buildActionMask = 2147483647;
			files = (
				C3B608281C42942A007DFB19 /* ViewController.swift in Sources */,
				C3B608261C42942A007DFB19 /* AppDelegate.swift in Sources */,
			);
			runOnlyForDeploymentPostprocessing = 0;
		};
		C3B608321C42942A007DFB19 /* Sources */ = {
			isa = PBXSourcesBuildPhase;
			buildActionMask = 2147483647;
			files = (
				C3B6083B1C42942A007DFB19 /* HelloVeganWorldUITests.swift in Sources */,
			);
			runOnlyForDeploymentPostprocessing = 0;
		};
/* End PBXSourcesBuildPhase section */

/* Begin PBXTargetDependency section */
		C3B608381C42942A007DFB19 /* PBXTargetDependency */ = {
			isa = PBXTargetDependency;
			target = C3B608211C42942A007DFB19 /* iPhoneHelloVeganWorld */;
			targetProxy = C3B608371C42942A007DFB19 /* PBXContainerItemProxy */;
		};
/* End PBXTargetDependency section */

/* Begin PBXVariantGroup section */
		C3B608291C42942A007DFB19 /* Main.storyboard */ = {
			isa = PBXVariantGroup;
			children = (
				C3B6082A1C42942A007DFB19 /* Base */,
			);
			name = Main.storyboard;
			sourceTree = "<group>";
		};
		C3B6082E1C42942A007DFB19 /* LaunchScreen.storyboard */ = {
			isa = PBXVariantGroup;
			children = (
				C3B6082F1C42942A007DFB19 /* Base */,
			);
			name = LaunchScreen.storyboard;
			sourceTree = "<group>";
		};
/* End PBXVariantGroup section */

/* Begin XCBuildConfiguration section */
		C3B6083D1C42942A007DFB19 /* Debug */ = {
			isa = XCBuildConfiguration;
			buildSettings = {
				ALWAYS_SEARCH_USER_PATHS = NO;
				CLANG_CXX_LANGUAGE_STANDARD = "gnu++0x";
				CLANG_CXX_LIBRARY = "libc++";
				CLANG_ENABLE_MODULES = YES;
				CLANG_ENABLE_OBJC_ARC = YES;
				CLANG_WARN_BOOL_CONVERSION = YES;
				CLANG_WARN_CONSTANT_CONVERSION = YES;
				CLANG_WARN_DIRECT_OBJC_ISA_USAGE = YES_ERROR;
				CLANG_WARN_EMPTY_BODY = YES;
				CLANG_WARN_ENUM_CONVERSION = YES;
				CLANG_WARN_INT_CONVERSION = YES;
				CLANG_WARN_OBJC_ROOT_CLASS = YES_ERROR;
				CLANG_WARN_UNREACHABLE_CODE = YES;
				CLANG_WARN__DUPLICATE_METHOD_MATCH = YES;
				"CODE_SIGN_IDENTITY[sdk=iphoneos*]" = "iPhone Developer";
				COPY_PHASE_STRIP = NO;
				DEBUG_INFORMATION_FORMAT = dwarf;
				ENABLE_STRICT_OBJC_MSGSEND = YES;
				ENABLE_TESTABILITY = YES;
				GCC_C_LANGUAGE_STANDARD = gnu99;
				GCC_DYNAMIC_NO_PIC = NO;
				GCC_NO_COMMON_BLOCKS = YES;
				GCC_OPTIMIZATION_LEVEL = 0;
				GCC_PREPROCESSOR_DEFINITIONS = (
					"DEBUG=1",
					"$(inherited)",
				);
				GCC_WARN_64_TO_32_BIT_CONVERSION = YES;
				GCC_WARN_ABOUT_RETURN_TYPE = YES_ERROR;
				GCC_WARN_UNDECLARED_SELECTOR = YES;
				GCC_WARN_UNINITIALIZED_AUTOS = YES_AGGRESSIVE;
				GCC_WARN_UNUSED_FUNCTION = YES;
				GCC_WARN_UNUSED_VARIABLE = YES;
				IPHONEOS_DEPLOYMENT_TARGET = 9.2;
				MTL_ENABLE_DEBUG_INFO = YES;
				ONLY_ACTIVE_ARCH = YES;
				SDKROOT = iphoneos;
				SWIFT_OPTIMIZATION_LEVEL = "-Onone";
			};
			name = Debug;
		};
		C3B6083E1C42942A007DFB19 /* Release */ = {
			isa = XCBuildConfiguration;
			buildSettings = {
				ALWAYS_SEARCH_USER_PATHS = NO;
				CLANG_CXX_LANGUAGE_STANDARD = "gnu++0x";
				CLANG_CXX_LIBRARY = "libc++";
				CLANG_ENABLE_MODULES = YES;
				CLANG_ENABLE_OBJC_ARC = YES;
				CLANG_WARN_BOOL_CONVERSION = YES;
				CLANG_WARN_CONSTANT_CONVERSION = YES;
				CLANG_WARN_DIRECT_OBJC_ISA_USAGE = YES_ERROR;
				CLANG_WARN_EMPTY_BODY = YES;
				CLANG_WARN_ENUM_CONVERSION = YES;
				CLANG_WARN_INT_CONVERSION = YES;
				CLANG_WARN_OBJC_ROOT_CLASS = YES_ERROR;
				CLANG_WARN_UNREACHABLE_CODE = YES;
				CLANG_WARN__DUPLICATE_METHOD_MATCH = YES;
				"CODE_SIGN_IDENTITY[sdk=iphoneos*]" = "iPhone Developer";
				COPY_PHASE_STRIP = NO;
				DEBUG_INFORMATION_FORMAT = "dwarf-with-dsym";
				ENABLE_NS_ASSERTIONS = NO;
				ENABLE_STRICT_OBJC_MSGSEND = YES;
				GCC_C_LANGUAGE_STANDARD = gnu99;
				GCC_NO_COMMON_BLOCKS = YES;
				GCC_WARN_64_TO_32_BIT_CONVERSION = YES;
				GCC_WARN_ABOUT_RETURN_TYPE = YES_ERROR;
				GCC_WARN_UNDECLARED_SELECTOR = YES;
				GCC_WARN_UNINITIALIZED_AUTOS = YES_AGGRESSIVE;
				GCC_WARN_UNUSED_FUNCTION = YES;
				GCC_WARN_UNUSED_VARIABLE = YES;
				IPHONEOS_DEPLOYMENT_TARGET = 9.2;
				MTL_ENABLE_DEBUG_INFO = NO;
				SDKROOT = iphoneos;
				VALIDATE_PRODUCT = YES;
			};
			name = Release;
		};
		C3B608401C42942A007DFB19 /* Debug */ = {
			isa = XCBuildConfiguration;
			buildSettings = {
				ASSETCATALOG_COMPILER_APPICON_NAME = AppIcon;
				CODE_SIGN_IDENTITY = "iPhone Developer";
				INFOPLIST_FILE = HelloVeganWorld/Info.plist;
				LD_RUNPATH_SEARCH_PATHS = "$(inherited) @executable_path/Frameworks";
				PRODUCT_BUNDLE_IDENTIFIER = aarongray.org.HelloVeganWorld;
				PRODUCT_NAME = iPhoneHelloVeganWorld;
			};
			name = Debug;
		};
		C3B608411C42942A007DFB19 /* Release */ = {
			isa = XCBuildConfiguration;
			buildSettings = {
				ASSETCATALOG_COMPILER_APPICON_NAME = AppIcon;
				CODE_SIGN_IDENTITY = "iPhone Developer";
				INFOPLIST_FILE = HelloVeganWorld/Info.plist;
				LD_RUNPATH_SEARCH_PATHS = "$(inherited) @executable_path/Frameworks";
				PRODUCT_BUNDLE_IDENTIFIER = aarongray.org.HelloVeganWorld;
				PRODUCT_NAME = iPhoneHelloVeganWorld;
			};
			name = Release;
		};
		C3B608431C42942A007DFB19 /* Debug */ = {
			isa = XCBuildConfiguration;
			buildSettings = {
				INFOPLIST_FILE = HelloVeganWorldUITests/Info.plist;
				LD_RUNPATH_SEARCH_PATHS = "$(inherited) @executable_path/Frameworks @loader_path/Frameworks";
				PRODUCT_BUNDLE_IDENTIFIER = aarongray.org.HelloVeganWorldUITests;
				PRODUCT_NAME = iPhoneHelloVeganWorld;
				TEST_TARGET_NAME = HelloVeganWorld;
				USES_XCTRUNNER = YES;
			};
			name = Debug;
		};
		C3B608441C42942A007DFB19 /* Release */ = {
			isa = XCBuildConfiguration;
			buildSettings = {
				INFOPLIST_FILE = HelloVeganWorldUITests/Info.plist;
				LD_RUNPATH_SEARCH_PATHS = "$(inherited) @executable_path/Frameworks @loader_path/Frameworks";
				PRODUCT_BUNDLE_IDENTIFIER = aarongray.org.HelloVeganWorldUITests;
				PRODUCT_NAME = iPhoneHelloVeganWorld;
				TEST_TARGET_NAME = HelloVeganWorld;
				USES_XCTRUNNER = YES;
			};
			name = Release;
		};
/* End XCBuildConfiguration section */

/* Begin XCConfigurationList section */
		C3B6081D1C42942A007DFB19 /* Build configuration list for PBXProject "iPhoneHelloVeganWorld" */ = {
			isa = XCConfigurationList;
			buildConfigurations = (
				C3B6083D1C42942A007DFB19 /* Debug */,
				C3B6083E1C42942A007DFB19 /* Release */,
			);
			defaultConfigurationIsVisible = 0;
			defaultConfigurationName = Release;
		};
		C3B6083F1C42942A007DFB19 /* Build configuration list for PBXNativeTarget "iPhoneHelloVeganWorld" */ = {
			isa = XCConfigurationList;
			buildConfigurations = (
				C3B608401C42942A007DFB19 /* Debug */,
				C3B608411C42942A007DFB19 /* Release */,
			);
			defaultConfigurationIsVisible = 0;
		};
		C3B608421C42942A007DFB19 /* Build configuration list for PBXNativeTarget "iPhoneHelloVeganWorldUITests" */ = {
			isa = XCConfigurationList;
			buildConfigurations = (
				C3B608431C42942A007DFB19 /* Debug */,
				C3B608441C42942A007DFB19 /* Release */,
			);
			defaultConfigurationIsVisible = 0;
		};
/* End XCConfigurationList section */
	};
	rootObject = C3B6081A1C42942A007DFB19 /* Project object */;
}
